
Microsoft Visual Studio Solution File, Format Version 12.00
# Visual Studio 15
VisualStudioVersion = 15.0.28307.136
MinimumVisualStudioVersion = 10.0.40219.1
Project("{9A19103F-16F7-4668-BE54-9A1E7A4F7556}") = "NHS111.Logging.Api", "NHS111.Logging.Api\NHS111.Logging.Api.csproj", "{39B6D79A-5F3C-424D-8566-4A3C13163A95}"
EndProject
Project("{9A19103F-16F7-4668-BE54-9A1E7A4F7556}") = "NHS111.Logging.Api.Models", "NHS111.Logging.Api.Models\NHS111.Logging.Api.Models.csproj", "{2BD0CFC3-8DBF-4E21-A1B0-FFF5402108A0}"
EndProject
Global
	GlobalSection(SolutionConfigurationPlatforms) = preSolution
		Debug|Any CPU = Debug|Any CPU
		Release|Any CPU = Release|Any CPU
	EndGlobalSection
	GlobalSection(ProjectConfigurationPlatforms) = postSolution
		{39B6D79A-5F3C-424D-8566-4A3C13163A95}.Debug|Any CPU.ActiveCfg = Debug|Any CPU
		{39B6D79A-5F3C-424D-8566-4A3C13163A95}.Debug|Any CPU.Build.0 = Debug|Any CPU
		{39B6D79A-5F3C-424D-8566-4A3C13163A95}.Release|Any CPU.ActiveCfg = Release|Any CPU
		{39B6D79A-5F3C-424D-8566-4A3C13163A95}.Release|Any CPU.Build.0 = Release|Any CPU
		{2BD0CFC3-8DBF-4E21-A1B0-FFF5402108A0}.Debug|Any CPU.ActiveCfg = Debug|Any CPU
		{2BD0CFC3-8DBF-4E21-A1B0-FFF5402108A0}.Debug|Any CPU.Build.0 = Debug|Any CPU
		{2BD0CFC3-8DBF-4E21-A1B0-FFF5402108A0}.Release|Any CPU.ActiveCfg = Release|Any CPU
		{2BD0CFC3-8DBF-4E21-A1B0-FFF5402108A0}.Release|Any CPU.Build.0 = Release|Any CPU
	EndGlobalSection
	GlobalSection(SolutionProperties) = preSolution
		HideSolutionNode = FALSE
	EndGlobalSection
	GlobalSection(ExtensibilityGlobals) = postSolution
		SolutionGuid = {CE57E18B-DB82-418E-8398-4FAA5FC43877}
	EndGlobalSection
EndGlobal
